
Microsoft Visual Studio Solution File, Format Version 12.00
# Visual Studio 15
VisualStudioVersion = 15.0.27130.2010
MinimumVisualStudioVersion = 10.0.40219.1
Project("{FAE04EC0-301F-11D3-BF4B-00C04F79EFBC}") = "AofC", "AofC\AofC.csproj", "{314E668D-3ED7-4E7D-BCD7-8BCE64FFECC5}"
EndProject
Global
	GlobalSection(SolutionConfigurationPlatforms) = preSolution
		Debug|Any CPU = Debug|Any CPU
		Release|Any CPU = Release|Any CPU
	EndGlobalSection
	GlobalSection(ProjectConfigurationPlatforms) = postSolution
		{314E668D-3ED7-4E7D-BCD7-8BCE64FFECC5}.Debug|Any CPU.ActiveCfg = Debug|Any CPU
		{314E668D-3ED7-4E7D-BCD7-8BCE64FFECC5}.Debug|Any CPU.Build.0 = Debug|Any CPU
		{314E668D-3ED7-4E7D-BCD7-8BCE64FFECC5}.Release|Any CPU.ActiveCfg = Release|Any CPU
		{314E668D-3ED7-4E7D-BCD7-8BCE64FFECC5}.Release|Any CPU.Build.0 = Release|Any CPU
	EndGlobalSection
	GlobalSection(SolutionProperties) = preSolution
		HideSolutionNode = FALSE
	EndGlobalSection
	GlobalSection(ExtensibilityGlobals) = postSolution
		SolutionGuid = {CB8978DE-2D2B-43EE-964A-7F155B9901E2}
	EndGlobalSection
EndGlobal
